PODS:
  - AFNetworking (4.0.1):
    - AFNetworking/NSURLSession (= 4.0.1)
    - AFNetworking/Reachability (= 4.0.1)
    - AFNetworking/Security (= 4.0.1)
    - AFNetworking/Serialization (= 4.0.1)
    - AFNetworking/UIKit (= 4.0.1)
  - AFNetworking/NSURLSession (4.0.1):
    - AFNetworking/Reachability
    - AFNetworking/Security
    - AFNetworking/Serialization
  - AFNetworking/Reachability (4.0.1)
  - AFNetworking/Security (4.0.1)
  - AFNetworking/Serialization (4.0.1)
  - AFNetworking/UIKit (4.0.1):
    - AFNetworking/NSURLSession
  - AgoraRtcEngine_iOS (3.6.1.1)
  - Alamofire (4.9.1)
  - AliyunOSSiOS (2.10.12)
  - AppsFlyerFramework (6.5.2):
    - AppsFlyerFramework/Main (= 6.5.2)
  - AppsFlyerFramework/Main (6.5.2)
  - CocoaLumberjack (3.7.4):
    - CocoaLumberjack/Core (= 3.7.4)
  - CocoaLumberjack/Core (3.7.4)
  - DataCompression (3.6.0)
  - FBSnapshotTestCase (2.1.4):
    - FBSnapshotTestCase/SwiftSupport (= 2.1.4)
  - FBSnapshotTestCase/Core (2.1.4)
  - FBSnapshotTestCase/SwiftSupport (2.1.4):
    - FBSnapshotTestCase/Core
  - Firebase/Analytics (8.11.0):
    - Firebase/Core
  - Firebase/Core (8.11.0):
    - Firebase/CoreOnly
    - FirebaseAnalytics (~> 8.11.0)
  - Firebase/CoreOnly (8.11.0):
    - FirebaseCore (= 8.11.0)
  - Firebase/Crashlytics (8.11.0):
    - Firebase/CoreOnly
    - FirebaseCrashlytics (~> 8.11.0)
  - FirebaseAnalytics (8.11.0):
    - FirebaseAnalytics/AdIdSupport (= 8.11.0)
    - FirebaseCore (~> 8.0)
    - FirebaseInstallations (~> 8.0)
    - GoogleUtilities/AppDelegateSwizzler (~> 7.7)
    - GoogleUtilities/MethodSwizzler (~> 7.7)
    - GoogleUtilities/Network (~> 7.7)
    - "GoogleUtilities/NSData+zlib (~> 7.7)"
    - nanopb (~> 2.30908.0)
  - FirebaseAnalytics/AdIdSupport (8.11.0):
    - FirebaseCore (~> 8.0)
    - FirebaseInstallations (~> 8.0)
    - GoogleAppMeasurement (= 8.11.0)
    - GoogleUtilities/AppDelegateSwizzler (~> 7.7)
    - GoogleUtilities/MethodSwizzler (~> 7.7)
    - GoogleUtilities/Network (~> 7.7)
    - "GoogleUtilities/NSData+zlib (~> 7.7)"
    - nanopb (~> 2.30908.0)
  - FirebaseCore (8.11.0):
    - FirebaseCoreDiagnostics (~> 8.0)
    - GoogleUtilities/Environment (~> 7.7)
    - GoogleUtilities/Logger (~> 7.7)
  - FirebaseCoreDiagnostics (8.11.0):
    - GoogleDataTransport (~> 9.1)
    - GoogleUtilities/Environment (~> 7.7)
    - GoogleUtilities/Logger (~> 7.7)
    - nanopb (~> 2.30908.0)
  - FirebaseCrashlytics (8.11.0):
    - FirebaseCore (~> 8.0)
    - FirebaseInstallations (~> 8.0)
    - GoogleDataTransport (~> 9.1)
    - GoogleUtilities/Environment (~> 7.7)
    - nanopb (~> 2.30908.0)
    - PromisesObjC (< 3.0, >= 1.2)
  - FirebaseInstallations (8.11.0):
    - FirebaseCore (~> 8.0)
    - GoogleUtilities/Environment (~> 7.7)
    - GoogleUtilities/UserDefaults (~> 7.7)
    - PromisesObjC (< 3.0, >= 1.2)
  - FMDB (2.7.5):
    - FMDB/standard (= 2.7.5)
  - FMDB/standard (2.7.5)
  - GoogleAppMeasurement (8.11.0):
    - GoogleAppMeasurement/AdIdSupport (= 8.11.0)
    - GoogleUtilities/AppDelegateSwizzler (~> 7.7)
    - GoogleUtilities/MethodSwizzler (~> 7.7)
    - GoogleUtilities/Network (~> 7.7)
    - "GoogleUtilities/NSData+zlib (~> 7.7)"
    - nanopb (~> 2.30908.0)
  - GoogleAppMeasurement/AdIdSupport (8.11.0):
    - GoogleAppMeasurement/WithoutAdIdSupport (= 8.11.0)
    - GoogleUtilities/AppDelegateSwizzler (~> 7.7)
    - GoogleUtilities/MethodSwizzler (~> 7.7)
    - GoogleUtilities/Network (~> 7.7)
    - "GoogleUtilities/NSData+zlib (~> 7.7)"
    - nanopb (~> 2.30908.0)
  - GoogleAppMeasurement/WithoutAdIdSupport (8.11.0):
    - GoogleUtilities/AppDelegateSwizzler (~> 7.7)
    - GoogleUtilities/MethodSwizzler (~> 7.7)
    - GoogleUtilities/Network (~> 7.7)
    - "GoogleUtilities/NSData+zlib (~> 7.7)"
    - nanopb (~> 2.30908.0)
  - GoogleDataTransport (9.1.2):
    - GoogleUtilities/Environment (~> 7.2)
    - nanopb (~> 2.30908.0)
    - PromisesObjC (< 3.0, >= 1.2)
  - GoogleUtilities/AppDelegateSwizzler (7.7.0):
    - GoogleUtilities/Environment
    - GoogleUtilities/Logger
    - GoogleUtilities/Network
  - GoogleUtilities/Environment (7.7.0):
    - PromisesObjC (< 3.0, >= 1.2)
  - GoogleUtilities/Logger (7.7.0):
    - GoogleUtilities/Environment
  - GoogleUtilities/MethodSwizzler (7.7.0):
    - GoogleUtilities/Logger
  - GoogleUtilities/Network (7.7.0):
    - GoogleUtilities/Logger
    - "GoogleUtilities/NSData+zlib"
    - GoogleUtilities/Reachability
  - "GoogleUtilities/NSData+zlib (7.7.0)"
  - GoogleUtilities/Reachability (7.7.0):
    - GoogleUtilities/Logger
  - GoogleUtilities/UserDefaults (7.7.0):
    - GoogleUtilities/Logger
  - HelloASIHttpRequest (0.0.1):
    - AliyunOSSiOS
    - HelloCache
    - HelloCategory
    - HelloLog
  - HelloCache (0.3.0):
    - HelloCategory
    - HelloGCDObjC
    - HelloLog
    - MMKV
    - RxCocoa
    - RxSwift
  - HelloCategory (0.1.5):
    - HelloCategory/AVSpeechUtterance (= 0.1.5)
    - HelloCategory/HTJSONAdapter (= 0.1.5)
    - HelloCategory/MKMapView (= 0.1.5)
    - HelloCategory/NSArray (= 0.1.5)
    - HelloCategory/NSBundle (= 0.1.5)
    - HelloCategory/NSData (= 0.1.5)
    - HelloCategory/NSDate (= 0.1.5)
    - HelloCategory/NSDictionary (= 0.1.5)
    - HelloCategory/NSException (= 0.1.5)
    - HelloCategory/NSFileManager (= 0.1.5)
    - HelloCategory/NSObject (= 0.1.5)
    - "HelloCategory/NSObject+HTRuntime (= 0.1.5)"
    - HelloCategory/NSString (= 0.1.5)
    - HelloCategory/NSTimer (= 0.1.5)
    - HelloCategory/NSURL (= 0.1.5)
    - HelloCategory/SKProductDiscount (= 0.1.5)
    - HelloCategory/UIBarButtonItem (= 0.1.5)
    - HelloCategory/UIButton (= 0.1.5)
    - HelloCategory/UIColor (= 0.1.5)
    - HelloCategory/UIDatePicker (= 0.1.5)
    - HelloCategory/UIDevice (= 0.1.5)
    - HelloCategory/UIImage (= 0.1.5)
    - HelloCategory/UIImageView (= 0.1.5)
    - HelloCategory/UILabel (= 0.1.5)
    - HelloCategory/UIMenuController (= 0.1.5)
    - HelloCategory/UIScrollView (= 0.1.5)
    - HelloCategory/UITableView (= 0.1.5)
    - HelloCategory/UITextView (= 0.1.5)
    - HelloCategory/UIView (= 0.1.5)
    - HelloCategory/UIViewController (= 0.1.5)
    - HelloMultilingual
  - HelloCategory/AVSpeechUtterance (0.1.5):
    - HelloMultilingual
  - HelloCategory/HTJSONAdapter (0.1.5):
    - HelloMultilingual
  - HelloCategory/MKMapView (0.1.5):
    - HelloMultilingual
  - HelloCategory/NSArray (0.1.5):
    - HelloMultilingual
  - HelloCategory/NSBundle (0.1.5):
    - "HelloCategory/NSObject+HTRuntime"
    - HelloCategory/NSString
    - HelloMultilingual
  - HelloCategory/NSData (0.1.5):
    - "HelloCategory/NSObject+HTRuntime"
    - HelloMultilingual
  - HelloCategory/NSDate (0.1.5):
    - HelloGCDObjC
    - HelloMultilingual
  - HelloCategory/NSDictionary (0.1.5):
    - "HelloCategory/NSObject+HTRuntime"
    - HelloMultilingual
  - HelloCategory/NSException (0.1.5):
    - HelloCategory/NSFileManager
    - HelloMultilingual
  - HelloCategory/NSFileManager (0.1.5):
    - HelloMultilingual
  - HelloCategory/NSObject (0.1.5):
    - HelloMultilingual
  - "HelloCategory/NSObject+HTRuntime (0.1.5)":
    - HelloMultilingual
  - HelloCategory/NSString (0.1.5):
    - HelloCategory/NSData
    - HelloCategory/NSFileManager
    - HelloMultilingual
  - HelloCategory/NSTimer (0.1.5):
    - HelloMultilingual
  - HelloCategory/NSURL (0.1.5):
    - HelloMultilingual
  - HelloCategory/SKProductDiscount (0.1.5):
    - HelloMultilingual
  - HelloCategory/UIBarButtonItem (0.1.5):
    - HelloMultilingual
  - HelloCategory/UIButton (0.1.5):
    - HelloCategory/NSDictionary
    - HelloMultilingual
  - HelloCategory/UIColor (0.1.5):
    - HelloMultilingual
  - HelloCategory/UIDatePicker (0.1.5):
    - HelloMultilingual
  - HelloCategory/UIDevice (0.1.5):
    - HelloExtensions
    - HelloGCDObjC
    - HelloKeychainUtils
    - HelloMultilingual
    - HelloOpenUDID
    - HelloSystemServices
  - HelloCategory/UIImage (0.1.5):
    - HelloLog
    - HelloMultilingual
  - HelloCategory/UIImageView (0.1.5):
    - HelloMultilingual
  - HelloCategory/UILabel (0.1.5):
    - HelloCategory/NSDictionary
    - HelloCategory/UIView
    - HelloMultilingual
  - HelloCategory/UIMenuController (0.1.5):
    - HelloMultilingual
  - HelloCategory/UIScrollView (0.1.5):
    - HelloMultilingual
  - HelloCategory/UITableView (0.1.5):
    - HelloMultilingual
  - HelloCategory/UITextView (0.1.5):
    - HelloMultilingual
  - HelloCategory/UIView (0.1.5):
    - HelloMultilingual
  - HelloCategory/UIViewController (0.1.5):
    - "HelloCategory/NSObject+HTRuntime"
    - HelloCategory/NSString
    - HelloMultilingual
  - HelloCommon (0.0.2.7):
    - AFNetworking
    - AppsFlyerFramework
    - Firebase/Crashlytics
    - HelloASIHttpRequest
    - HelloCache
    - HelloCategory
    - HelloCommon/SVGeocoder (= 0.0.2.7)
    - HelloCommonUI
    - HelloDiffMatch
    - HelloGCDObjC
    - HelloGuardianSDK
    - HelloKeychainUtils
    - HelloLog
    - HelloMediator
    - HelloObjective-Zip
    - HelloOpenUDID
    - HelloSystemServices
    - HelloTrack
    - HelloWebImage
    - ProtocolBuffers (~> 1.9.9.2)
    - SwiftProtobuf
    - WeexSDK
    - YYKit
  - HelloCommon/SVGeocoder (0.0.2.7):
    - AFNetworking
    - AppsFlyerFramework
    - Firebase/Crashlytics
    - HelloASIHttpRequest
    - HelloCache
    - HelloCategory
    - HelloCommonUI
    - HelloDiffMatch
    - HelloGCDObjC
    - HelloGuardianSDK
    - HelloKeychainUtils
    - HelloLog
    - HelloMediator
    - HelloObjective-Zip
    - HelloOpenUDID
    - HelloSystemServices
    - HelloTrack
    - HelloWebImage
    - ProtocolBuffers (~> 1.9.9.2)
    - SwiftProtobuf
    - WeexSDK
    - YYKit
  - HelloCommonUI (0.0.18):
    - HelloCommonUI/AKSegmentedControl (= 0.0.18)
    - HelloCommonUI/Common (= 0.0.18)
    - HelloCommonUI/CommonCell (= 0.0.18)
    - HelloCommonUI/CustomAlertView (= 0.0.18)
    - HelloCommonUI/DACircularProgress (= 0.0.18)
    - HelloCommonUI/DHSmartScreenshot (= 0.0.18)
    - HelloCommonUI/Dialog (= 0.0.18)
    - HelloCommonUI/DQAlertView (= 0.0.18)
    - HelloCommonUI/FXBlurView (= 0.0.18)
    - HelloCommonUI/FXLabel (= 0.0.18)
    - HelloCommonUI/HelloCarousel (= 0.0.18)
    - HelloCommonUI/HSV (= 0.0.18)
    - HelloCommonUI/HTActionSheet (= 0.0.18)
    - HelloCommonUI/HTCTableView (= 0.0.18)
    - HelloCommonUI/HTMenuView (= 0.0.18)
    - HelloCommonUI/HTNavigationViewController (= 0.0.18)
    - HelloCommonUI/HTPopView (= 0.0.18)
    - HelloCommonUI/HUAnimator (= 0.0.18)
    - HelloCommonUI/HWPanModal (= 0.0.18)
    - HelloCommonUI/ImageCropper (= 0.0.18)
    - HelloCommonUI/JSBadgeView (= 0.0.18)
    - HelloCommonUI/ListMenu (= 0.0.18)
    - HelloCommonUI/MWPhotoBrowser (= 0.0.18)
    - HelloCommonUI/NJKScrollFullScreen (= 0.0.18)
    - HelloCommonUI/NMRangeSlider (= 0.0.18)
    - HelloCommonUI/RDActivityViewController (= 0.0.18)
    - HelloCommonUI/RTLabel (= 0.0.18)
    - HelloCommonUI/SearchView (= 0.0.18)
    - HelloCommonUI/ShapeLayer (= 0.0.18)
    - HelloCommonUI/StyledPageControl (= 0.0.18)
    - HelloCommonUI/SVPullToRefresh (= 0.0.18)
    - HelloCommonUI/TipsView (= 0.0.18)
    - HelloCommonUI/ToastView (= 0.0.18)
    - HelloCommonUI/TTRangeSlider (= 0.0.18)
    - HelloCommonUI/TTTAttributedLabel (= 0.0.18)
    - HelloCommonUI/UIApplication (= 0.0.18)
    - HelloCommonUI/UIViewAutoLayout (= 0.0.18)
    - HelloCommonUI/XLPagerTabStrip (= 0.0.18)
    - HelloCommonUI/ZFDragableModalTransition (= 0.0.18)
    - HelloCommonUI/ZZViewController (= 0.0.18)
    - SnapKit (~> 4.0.0)
  - HelloCommonUI/AKSegmentedControl (0.0.18):
    - SnapKit (~> 4.0.0)
  - HelloCommonUI/Common (0.0.18):
    - HelloCache
    - HelloCategory
    - HelloCommonUI/UIViewAutoLayout
    - HelloExtensions
    - HelloLog
    - HelloMBProgressHUD
    - HelloTalkMeditor
    - HelloWebImage
    - Masonry
    - MJRefresh (= 3.7.5)
    - RxGesture
    - SnapKit (~> 4.0.0)
    - YYKit
  - HelloCommonUI/CommonCell (0.0.18):
    - HelloCategory
    - HelloCommonUI/UIViewAutoLayout
    - SnapKit (~> 4.0.0)
  - HelloCommonUI/CustomAlertView (0.0.18):
    - HelloCategory
    - HelloCommonUI/DQAlertView
    - HelloMBProgressHUD
    - HelloURLNavigator
    - SnapKit (~> 4.0.0)
  - HelloCommonUI/DACircularProgress (0.0.18):
    - SnapKit (~> 4.0.0)
  - HelloCommonUI/DHSmartScreenshot (0.0.18):
    - SnapKit (~> 4.0.0)
  - HelloCommonUI/Dialog (0.0.18):
    - SnapKit (~> 4.0.0)
  - HelloCommonUI/DQAlertView (0.0.18):
    - HelloGCDObjC
    - HelloMBProgressHUD
    - SnapKit (~> 4.0.0)
  - HelloCommonUI/FXBlurView (0.0.18):
    - SnapKit (~> 4.0.0)
  - HelloCommonUI/FXLabel (0.0.18):
    - SnapKit (~> 4.0.0)
  - HelloCommonUI/HelloCarousel (0.0.18):
    - HelloExtensions
    - SnapKit (~> 4.0.0)
  - HelloCommonUI/HSV (0.0.18):
    - SnapKit (~> 4.0.0)
  - HelloCommonUI/HTActionSheet (0.0.18):
    - HelloCategory
    - HelloCommonUI/CustomAlertView
    - HelloCommonUI/DQAlertView
    - SnapKit (~> 4.0.0)
  - HelloCommonUI/HTCTableView (0.0.18):
    - HelloExtensions
    - HelloLog
    - RxCocoa
    - RxSwift
    - SnapKit (~> 4.0.0)
  - HelloCommonUI/HTMenuView (0.0.18):
    - HelloCategory
    - HelloCommonUI/Common
    - HelloExtensions
    - HelloLog
    - Leanplum-iOS-Location
    - SnapKit (~> 4.0.0)
  - HelloCommonUI/HTNavigationViewController (0.0.18):
    - FirebaseCrashlytics
    - HelloCache
    - HelloCategory
    - HelloCommonUI/Common
    - HelloTrack
    - SnapKit (~> 4.0.0)
  - HelloCommonUI/HTPopView (0.0.18):
    - HelloCategory
    - HelloLog
    - SnapKit (~> 4.0.0)
  - HelloCommonUI/HUAnimator (0.0.18):
    - SnapKit (~> 4.0.0)
  - HelloCommonUI/HWPanModal (0.0.18):
    - SnapKit (~> 4.0.0)
  - HelloCommonUI/ImageCropper (0.0.18):
    - SnapKit (~> 4.0.0)
  - HelloCommonUI/JSBadgeView (0.0.18):
    - HelloCategory
    - RxCocoa
    - RxSwift
    - SnapKit (~> 4.0.0)
  - HelloCommonUI/ListMenu (0.0.18):
    - HelloCommonUI/HTCTableView
    - HelloExtensions
    - SnapKit (~> 4.0.0)
  - HelloCommonUI/MWPhotoBrowser (0.0.18):
    - HelloCache
    - HelloCategory
    - HelloCommonUI/UIViewAutoLayout
    - HelloExtensions
    - HelloMBProgressHUD
    - SnapKit (~> 4.0.0)
  - HelloCommonUI/NJKScrollFullScreen (0.0.18):
    - SnapKit (~> 4.0.0)
  - HelloCommonUI/NMRangeSlider (0.0.18):
    - SnapKit (~> 4.0.0)
  - HelloCommonUI/RDActivityViewController (0.0.18):
    - SnapKit (~> 4.0.0)
  - HelloCommonUI/RTLabel (0.0.18):
    - SnapKit (~> 4.0.0)
  - HelloCommonUI/SearchView (0.0.18):
    - HelloCategory
    - HelloExtensions
    - Masonry
    - SnapKit (~> 4.0.0)
  - HelloCommonUI/ShapeLayer (0.0.18):
    - SnapKit (~> 4.0.0)
  - HelloCommonUI/StyledPageControl (0.0.18):
    - SnapKit (~> 4.0.0)
  - HelloCommonUI/SVPullToRefresh (0.0.18):
    - SnapKit (~> 4.0.0)
  - HelloCommonUI/TipsView (0.0.18):
    - HelloCategory
    - HelloExtensions
    - SnapKit (~> 4.0.0)
  - HelloCommonUI/ToastView (0.0.18):
    - HelloMBProgressHUD
    - libpag
    - SnapKit (~> 4.0.0)
  - HelloCommonUI/TTRangeSlider (0.0.18):
    - SnapKit (~> 4.0.0)
  - HelloCommonUI/TTTAttributedLabel (0.0.18):
    - SnapKit (~> 4.0.0)
  - HelloCommonUI/UIApplication (0.0.18):
    - SnapKit (~> 4.0.0)
  - HelloCommonUI/UIViewAutoLayout (0.0.18):
    - SnapKit (~> 4.0.0)
  - HelloCommonUI/XLPagerTabStrip (0.0.18):
    - SnapKit (~> 4.0.0)
  - HelloCommonUI/ZFDragableModalTransition (0.0.18):
    - SnapKit (~> 4.0.0)
  - HelloCommonUI/ZZViewController (0.0.18):
    - HelloMBProgressHUD
    - SnapKit (~> 4.0.0)
  - HelloCommonUtils (0.1.0)
  - HelloDiffMatch (0.0.3)
  - HelloExtensions (0.0.8):
    - HelloExtensions/Base (= 0.0.8)
    - HelloExtensions/Bundle (= 0.0.8)
    - HelloExtensions/CALayer (= 0.0.8)
    - HelloExtensions/Data (= 0.0.8)
    - HelloExtensions/Date (= 0.0.8)
    - HelloExtensions/Dictionary (= 0.0.8)
    - HelloExtensions/JSONDecoder (= 0.0.8)
    - HelloExtensions/NSAttributedString (= 0.0.8)
    - HelloExtensions/NSObject (= 0.0.8)
    - HelloExtensions/RxSwift (= 0.0.8)
    - HelloExtensions/SKProductDiscount (= 0.0.8)
    - HelloExtensions/String (= 0.0.8)
    - HelloExtensions/UIApplication (= 0.0.8)
    - HelloExtensions/UIColor (= 0.0.8)
    - HelloExtensions/UIDevice (= 0.0.8)
    - HelloExtensions/UIImage (= 0.0.8)
    - HelloExtensions/UILabel (= 0.0.8)
    - HelloExtensions/UIResponder (= 0.0.8)
    - HelloExtensions/UIScreen (= 0.0.8)
    - HelloExtensions/UIStackView (= 0.0.8)
    - HelloExtensions/UITabBar (= 0.0.8)
    - HelloExtensions/UIView (= 0.0.8)
  - HelloExtensions/Base (0.0.8)
  - HelloExtensions/Bundle (0.0.8)
  - HelloExtensions/CALayer (0.0.8)
  - HelloExtensions/Data (0.0.8)
  - HelloExtensions/Date (0.0.8)
  - HelloExtensions/Dictionary (0.0.8)
  - HelloExtensions/JSONDecoder (0.0.8)
  - HelloExtensions/NSAttributedString (0.0.8)
  - HelloExtensions/NSObject (0.0.8)
  - HelloExtensions/RxSwift (0.0.8):
    - RxSwift
  - HelloExtensions/SKProductDiscount (0.0.8)
  - HelloExtensions/String (0.0.8):
    - HelloExtensions/Base
  - HelloExtensions/UIApplication (0.0.8)
  - HelloExtensions/UIColor (0.0.8)
  - HelloExtensions/UIDevice (0.0.8)
  - HelloExtensions/UIImage (0.0.8)
  - HelloExtensions/UILabel (0.0.8):
    - HelloExtensions/Base
    - HelloExtensions/String
  - HelloExtensions/UIResponder (0.0.8)
  - HelloExtensions/UIScreen (0.0.8):
    - HelloExtensions/UIDevice
  - HelloExtensions/UIStackView (0.0.8)
  - HelloExtensions/UITabBar (0.0.8)
  - HelloExtensions/UIView (0.0.8):
    - HelloExtensions/Base
  - HelloGCDObjC (0.0.1)
  - HelloGuardianSDK (0.1.1):
    - HelloCache
    - HelloExtensions
    - HelloLog
    - HelloNetwork
    - HelloOpenUDID
  - HelloKeychainUtils (0.0.2):
    - HelloLog
  - HelloLibpng (0.0.2)
  - HelloLog (1.0.0):
    - CocoaLumberjack
  - HelloMBProgressHUD (0.1.0)
  - HelloMediator (0.0.2):
    - HelloLog
  - HelloMessage (0.1.0):
    - Alamofire
    - HelloCache
    - HelloCommon
    - HelloCommonUI
    - HelloGuardianSDK
    - HelloLog
    - Starscream
    - YYKit
  - HelloMessageLayer (0.1.0):
    - AgoraRtcEngine_iOS
    - FMDB
    - HelloCache
    - HelloCommon
    - HelloGCDObjC
    - HelloLog
    - HelloMBProgressHUD
    - HelloMessage
    - HelloMultilingual
    - HelloTrack
    - UserLeapKit
  - HelloMultilingual (0.1.0)
  - HelloNetwork (1.0.3):
    - Alamofire (~> 4.7)
    - DataCompression
    - HelloCache
    - HelloCategory
    - HelloExtensions
    - HelloOpenUDID
    - ProtocolBuffers (~> 1.9.9.2)
    - RxSwift
  - HelloObjective-Zip (0.1.0):
    - SSZipArchive
  - HelloOpenUDID (0.0.5):
    - HelloGCDObjC
    - HelloKeychainUtils
    - HelloLog
  - HelloSystemServices (0.0.2)
  - HelloTalkMeditor (0.1.0):
    - HelloMediator
  - HelloTrack (0.0.9):
    - Firebase/Analytics
    - FMDB
    - HelloCache
    - HelloCategory
    - HelloExtensions
    - HelloLog
    - HelloNetwork
    - HelloOpenUDID
    - HelloURLNavigator
    - Leanplum-iOS-Location
    - SensorsAnalyticsSDK
    - SwiftProtobuf
  - HelloURLNavigator (0.0.9):
    - HelloCache
    - HelloExtensions
  - HelloWebImage (0.0.1):
    - HelloCache
    - HelloCategory
    - HelloLibpng
    - HelloLog
  - Leanplum-iOS-Location (3.2.1):
    - Leanplum-iOS-SDK
  - Leanplum-iOS-SDK (3.2.1)
  - libpag (3.2.7.34)
  - LookinServer (1.0.4)
  - Masonry (1.1.0)
  - MJRefresh (3.7.5)
  - MMKV (1.2.12):
    - MMKVCore (~> 1.2.12)
  - MMKVCore (1.2.12)
  - nanopb (2.30908.0):
    - nanopb/decode (= 2.30908.0)
    - nanopb/encode (= 2.30908.0)
  - nanopb/decode (2.30908.0)
  - nanopb/encode (2.30908.0)
  - NTESBaseComponent (1.4)
  - NTESQuickPass (3.2.6):
    - NTESBaseComponent
  - PromisesObjC (2.0.0)
  - ProtocolBuffers (1.9.9.2)
  - RxCocoa (6.5.0):
    - RxRelay (= 6.5.0)
    - RxSwift (= 6.5.0)
  - RxGesture (4.0.3):
    - RxCocoa (~> 6.0)
    - RxSwift (~> 6.0)
  - RxRelay (6.5.0):
    - RxSwift (= 6.5.0)
  - RxSwift (6.5.0)
  - SensorsAnalyticsSDK (2.1.17):
    - SensorsAnalyticsSDK/Core (= 2.1.17)
  - SensorsAnalyticsSDK/Core (2.1.17)
  - SnapKit (4.0.1)
  - SSZipArchive (2.2.2)
  - Starscream (4.0.4)
  - SwiftProtobuf (1.18.0)
  - UserLeapKit (4.5.0)
  - WeexSDK (0.30.0)
  - YYKit (1.0.9):
    - YYKit/no-arc (= 1.0.9)
  - YYKit/no-arc (1.0.9)

DEPENDENCIES:
  - FBSnapshotTestCase (~> 2.1.4)
  - HelloASIHttpRequest (from `https://git.hellotalk8.com/bitbucket/scm/ioslib/helloasihttprequest.git`, branch `master`)
  - HelloCache (from `https://git.hellotalk8.com/bitbucket/scm/ioslib/hellocache.git`, branch `develop/4.5.1`)
  - HelloCategory (from `https://git.hellotalk8.com/bitbucket/scm/ioslib/hellocategory.git`, branch `master`)
  - HelloCommon (from `https://git.hellotalk8.com/bitbucket/scm/ioslib/hellocommon.git`, branch `develop/4.5.1`)
  - HelloCommonUI (from `https://git.hellotalk8.com/bitbucket/scm/ioslib/hellocommonui.git`, branch `develop/4.5.1`)
  - HelloCommonUtils (from `../`)
  - HelloExtensions (from `https://git.hellotalk8.com/bitbucket/scm/ioslib/helloextensions.git`, branch `develop/4.5.1`)
  - HelloGuardianSDK (from `https://git.hellotalk8.com/bitbucket/scm/ioslib/helloguardiansdk.git`, branch `master`)
  - HelloKeychainUtils (= 0.0.2)
  - HelloLog (from `https://git.hellotalk8.com/bitbucket/scm/ioslib/hellolog.git`, branch `master`)
  - HelloMBProgressHUD (from `https://git.hellotalk8.com/bitbucket/scm/ioslib/hellombprogresshud.git`)
  - HelloMediator (from `https://git.hellotalk8.com/bitbucket/scm/ioslib/hellomediator.git`, branch `develop/4.5.1`)
  - HelloMessage (from `https://git.hellotalk8.com/bitbucket/scm/ioslib/hellomessage.git`, branch `develop/4.5.1`)
  - HelloMessageLayer (from `https://git.hellotalk8.com/bitbucket/scm/ioslib/hellomessagelayer.git`, branch `develop/4.5.1`)
  - HelloMultilingual (from `https://git.hellotalk8.com/bitbucket/scm/ioslib/hellomultilingual.git`, branch `master`)
  - HelloNetwork (from `https://git.hellotalk8.com/bitbucket/scm/ioslib/hellonetwork.git`, branch `master`)
  - HelloObjective-Zip (from `https://git.hellotalk8.com/bitbucket/scm/ioslib/helloobjective-zip.git`, branch `master`)
  - HelloOpenUDID (from `https://git.hellotalk8.com/bitbucket/scm/ioslib/helloopenudid.git`, branch `master`)
  - HelloTalkMeditor (from `https://git.hellotalk8.com/bitbucket/scm/ios/hellotalkmediator.git`, branch `master`)
  - HelloTrack (from `https://git.hellotalk8.com/bitbucket/scm/ioslib/hellotrack.git`, branch `master`)
  - HelloURLNavigator (from `https://git.hellotalk8.com/bitbucket/scm/ioslib/hellourlnavigator.git`, branch `develop/4.5.1`)
  - LookinServer
  - NTESQuickPass (from `https://git.hellotalk8.com/bitbucket/scm/ioslib/ntesquickpass.git`, branch `3.2.6`)
  - SensorsAnalyticsSDK (~> 2.1.11)
  - SSZipArchive (from `https://git.hellotalk8.com/bitbucket/scm/ioslib/ssziparchive.git`)

SPEC REPOS:
  https://git.hellotalk8.com/bitbucket/scm/ioslib/hello_specs.git:
    - HelloDiffMatch
    - HelloGCDObjC
    - HelloKeychainUtils
    - HelloLibpng
    - HelloSystemServices
    - HelloWebImage
  trunk:
    - AFNetworking
    - AgoraRtcEngine_iOS
    - Alamofire
    - AliyunOSSiOS
    - AppsFlyerFramework
    - CocoaLumberjack
    - DataCompression
    - FBSnapshotTestCase
    - Firebase
    - FirebaseAnalytics
    - FirebaseCore
    - FirebaseCoreDiagnostics
    - FirebaseCrashlytics
    - FirebaseInstallations
    - FMDB
    - GoogleAppMeasurement
    - GoogleDataTransport
    - GoogleUtilities
    - Leanplum-iOS-Location
    - Leanplum-iOS-SDK
    - libpag
    - LookinServer
    - Masonry
    - MJRefresh
    - MMKV
    - MMKVCore
    - nanopb
    - NTESBaseComponent
    - PromisesObjC
    - ProtocolBuffers
    - RxCocoa
    - RxGesture
    - RxRelay
    - RxSwift
    - SensorsAnalyticsSDK
    - SnapKit
    - Starscream
    - SwiftProtobuf
    - UserLeapKit
    - WeexSDK
    - YYKit

EXTERNAL SOURCES:
  HelloASIHttpRequest:
    :branch: master
    :git: https://git.hellotalk8.com/bitbucket/scm/ioslib/helloasihttprequest.git
  HelloCache:
    :branch: develop/4.5.1
    :git: https://git.hellotalk8.com/bitbucket/scm/ioslib/hellocache.git
  HelloCategory:
    :branch: master
    :git: https://git.hellotalk8.com/bitbucket/scm/ioslib/hellocategory.git
  HelloCommon:
    :branch: develop/4.5.1
    :git: https://git.hellotalk8.com/bitbucket/scm/ioslib/hellocommon.git
  HelloCommonUI:
    :branch: develop/4.5.1
    :git: https://git.hellotalk8.com/bitbucket/scm/ioslib/hellocommonui.git
  HelloCommonUtils:
    :path: "../"
  HelloExtensions:
    :branch: develop/4.5.1
    :git: https://git.hellotalk8.com/bitbucket/scm/ioslib/helloextensions.git
  HelloGuardianSDK:
    :branch: master
    :git: https://git.hellotalk8.com/bitbucket/scm/ioslib/helloguardiansdk.git
  HelloLog:
    :branch: master
    :git: https://git.hellotalk8.com/bitbucket/scm/ioslib/hellolog.git
  HelloMBProgressHUD:
    :git: https://git.hellotalk8.com/bitbucket/scm/ioslib/hellombprogresshud.git
  HelloMediator:
    :branch: develop/4.5.1
    :git: https://git.hellotalk8.com/bitbucket/scm/ioslib/hellomediator.git
  HelloMessage:
    :branch: develop/4.5.1
    :git: https://git.hellotalk8.com/bitbucket/scm/ioslib/hellomessage.git
  HelloMessageLayer:
    :branch: develop/4.5.1
    :git: https://git.hellotalk8.com/bitbucket/scm/ioslib/hellomessagelayer.git
  HelloMultilingual:
    :branch: master
    :git: https://git.hellotalk8.com/bitbucket/scm/ioslib/hellomultilingual.git
  HelloNetwork:
    :branch: master
    :git: https://git.hellotalk8.com/bitbucket/scm/ioslib/hellonetwork.git
  HelloObjective-Zip:
    :branch: master
    :git: https://git.hellotalk8.com/bitbucket/scm/ioslib/helloobjective-zip.git
  HelloOpenUDID:
    :branch: master
    :git: https://git.hellotalk8.com/bitbucket/scm/ioslib/helloopenudid.git
  HelloTalkMeditor:
    :branch: master
    :git: https://git.hellotalk8.com/bitbucket/scm/ios/hellotalkmediator.git
  HelloTrack:
    :branch: master
    :git: https://git.hellotalk8.com/bitbucket/scm/ioslib/hellotrack.git
  HelloURLNavigator:
    :branch: develop/4.5.1
    :git: https://git.hellotalk8.com/bitbucket/scm/ioslib/hellourlnavigator.git
  NTESQuickPass:
    :branch: 3.2.6
    :git: https://git.hellotalk8.com/bitbucket/scm/ioslib/ntesquickpass.git
  SSZipArchive:
    :git: https://git.hellotalk8.com/bitbucket/scm/ioslib/ssziparchive.git

CHECKOUT OPTIONS:
  HelloASIHttpRequest:
    :commit: f89c18736fd83c0d432eab0d0086bc3c7b98562c
    :git: https://git.hellotalk8.com/bitbucket/scm/ioslib/helloasihttprequest.git
  HelloCache:
    :commit: 777e42f27240f483aa56541ef77cf9246f403e71
    :git: https://git.hellotalk8.com/bitbucket/scm/ioslib/hellocache.git
  HelloCategory:
    :commit: 76aeed1df2d89b63b70cae23dabacdde83ae379a
    :git: https://git.hellotalk8.com/bitbucket/scm/ioslib/hellocategory.git
  HelloCommon:
    :commit: 7a4b33e2ac1c0977381fef445c0fac99d26da636
    :git: https://git.hellotalk8.com/bitbucket/scm/ioslib/hellocommon.git
  HelloCommonUI:
    :commit: 5eed43626e4f353e63be8a254a28de8b461a9b28
    :git: https://git.hellotalk8.com/bitbucket/scm/ioslib/hellocommonui.git
  HelloExtensions:
    :commit: e25fa4fa8d79ebd183c03ce02ae9e8b57b9e3372
    :git: https://git.hellotalk8.com/bitbucket/scm/ioslib/helloextensions.git
  HelloGuardianSDK:
    :commit: bd4ae24e607b507a16908800613d1a4f9d598b76
    :git: https://git.hellotalk8.com/bitbucket/scm/ioslib/helloguardiansdk.git
  HelloLog:
    :commit: a88ef5a226f5fb171a726d05b2722b2bd26a7b79
    :git: https://git.hellotalk8.com/bitbucket/scm/ioslib/hellolog.git
  HelloMBProgressHUD:
    :commit: fdd79ee4e8c8c2a62f248301f7509efe00e3397f
    :git: https://git.hellotalk8.com/bitbucket/scm/ioslib/hellombprogresshud.git
  HelloMediator:
    :commit: bfbb2f9ad0cddd12ee76ac77f6df7890cf5fde04
    :git: https://git.hellotalk8.com/bitbucket/scm/ioslib/hellomediator.git
  HelloMessage:
    :commit: 49fbf8d55ad1de87aa110e09520fbbdef1aa4410
    :git: https://git.hellotalk8.com/bitbucket/scm/ioslib/hellomessage.git
  HelloMessageLayer:
    :commit: 29c0fc639014c2096b2ef048655a5810880df0d5
    :git: https://git.hellotalk8.com/bitbucket/scm/ioslib/hellomessagelayer.git
  HelloMultilingual:
    :commit: e59e31df00eb283ea904e7c67b2425f8064d51e8
    :git: https://git.hellotalk8.com/bitbucket/scm/ioslib/hellomultilingual.git
  HelloNetwork:
    :commit: 554df2155ad26ed75da99c95849e5d1034338077
    :git: https://git.hellotalk8.com/bitbucket/scm/ioslib/hellonetwork.git
  HelloObjective-Zip:
    :commit: 0ccf8d19f747009910e98e23a177c417102b5f05
    :git: https://git.hellotalk8.com/bitbucket/scm/ioslib/helloobjective-zip.git
  HelloOpenUDID:
    :commit: 312ea0bb69cdddcefd5f79db622fc62a3676de28
    :git: https://git.hellotalk8.com/bitbucket/scm/ioslib/helloopenudid.git
  HelloTalkMeditor:
    :commit: 0d5ceef8db55cc56e7f59c71a2505b3c8e6c1df7
    :git: https://git.hellotalk8.com/bitbucket/scm/ios/hellotalkmediator.git
  HelloTrack:
    :commit: 20b90b8fac9e493c2d9cfd27980f85d5210b8e8f
    :git: https://git.hellotalk8.com/bitbucket/scm/ioslib/hellotrack.git
  HelloURLNavigator:
    :commit: 1228147641941ff5362b22ac751ef067edf4e054
    :git: https://git.hellotalk8.com/bitbucket/scm/ioslib/hellourlnavigator.git
  NTESQuickPass:
    :commit: 58ce94cbcd6feaeff1711805c5939c1db1ea1e99
    :git: https://git.hellotalk8.com/bitbucket/scm/ioslib/ntesquickpass.git
  SSZipArchive:
    :commit: 33635dbbad1b332dce9df15c9e688b420972113f
    :git: https://git.hellotalk8.com/bitbucket/scm/ioslib/ssziparchive.git

SPEC CHECKSUMS:
  AFNetworking: 7864c38297c79aaca1500c33288e429c3451fdce
  AgoraRtcEngine_iOS: b95d48918cbe5ed64b496634316291c89864d244
  Alamofire: 85e8a02c69d6020a0d734f6054870d7ecb75cf18
  AliyunOSSiOS: b8e5838b52f0e37b0cd2a593c487bb4a73148033
  AppsFlyerFramework: 9f304d91cc80b6579b1206a59220383056b58b47
  CocoaLumberjack: 543c79c114dadc3b1aba95641d8738b06b05b646
  DataCompression: 06628f9c807b6f152e0da37635633f62fc51dc77
  FBSnapshotTestCase: 094f9f314decbabe373b87cc339bea235a63e07a
  Firebase: 44dd9724c84df18b486639e874f31436eaa9a20c
  FirebaseAnalytics: 4e4b13031034e6561ed3bd1d47b6fdabbd6487c6
  FirebaseCore: 2f4f85b453cc8fea4bb2b37e370007d2bcafe3f0
  FirebaseCoreDiagnostics: 64d9709d804a6c25bd77841371c1fcfd909d5601
  FirebaseCrashlytics: 62268addefae79601057818156e8bc69d71fee41
  FirebaseInstallations: 044eede8a049bce71c4541ee68d6e4364fcbe774
  FMDB: 2ce00b547f966261cd18927a3ddb07cb6f3db82a
  GoogleAppMeasurement: aa3cb422fab2b05d2efac543a5720d1a85b9dea5
  GoogleDataTransport: 629c20a4d363167143f30ea78320d5a7eb8bd940
  GoogleUtilities: e0913149f6b0625b553d70dae12b49fc62914fd1
  HelloASIHttpRequest: efd93e23ff5ba546f6bad876b3e373ac5e756676
  HelloCache: 8b2e81a88e804a9c5fc4e986324d549696833f04
  HelloCategory: 842c4e4109c8647d90f0612e10d33fc229ca7e0b
  HelloCommon: 79d427ee0d92f9fa77a8855e0839e2144129bcb8
  HelloCommonUI: 7ae476675d567fa646e785eecdebd7084ebb35d4
  HelloCommonUtils: fae2a7c69404f677ec88617015b26183494a28cc
  HelloDiffMatch: 183df6c148db8e94668edc9b03e171e646f307d4
  HelloExtensions: d4084b626785975c106c4442fcedb2727b0b6fe7
  HelloGCDObjC: e7900fd880c6414e1698e2495dbc5240d0bcb1e7
  HelloGuardianSDK: 4ed451a278b8c53aee9abafa26f2b4d5d9bc64df
  HelloKeychainUtils: 6ae79600a2abdb4712a4644b6f5fde4f537ad9b6
  HelloLibpng: 417662e0532e133e8e565280c53703a02140b757
  HelloLog: 457ffa811d620aec0927736245cfd8293eeb28b2
  HelloMBProgressHUD: 9f352e92f36029202470dfb5667b66efe1dabec0
  HelloMediator: 4a94b09eabd1f92ed571daac3596abc34d8ce07e
  HelloMessage: 6280a2bd151402d9bee5d67f2ea3df31a36a17c4
  HelloMessageLayer: 1f7c3e44a78c5a8525ba9fcb2c04d294757a95fc
  HelloMultilingual: a2cf855dfc73e895b6b756a26a00a6e5c95a7ce5
  HelloNetwork: 29546352c2d1b47b50c22ff92c4800abaf999bd4
  HelloObjective-Zip: b8aa1681158d869be977a9196349c2d3719b6bca
  HelloOpenUDID: 80ccc4acdbd7a9dc5b63853d9f63894de7737fe2
  HelloSystemServices: 96af2747b8c53dce410444e03a5f6dc773dc0d3c
  HelloTalkMeditor: 37416e1030e0044f1d550bc1125bf2f30582ee3e
  HelloTrack: 02012103141329299ea4502a6ad108180ab898ec
  HelloURLNavigator: 6fba0e0ae7b6a3103fec56ae042fc83d81707b95
  HelloWebImage: 7eb953f732a8b5b3d17666cf84e649aee09b1d1f
  Leanplum-iOS-Location: 6bf6c08f12659116cb868090483108fc8ba1e15a
  Leanplum-iOS-SDK: cdf2399abbea271ec50fbc6e274baea1fc9e0bfe
  libpag: f51d88c0bbb010759a971cce2a02e0cd0a316f6a
  LookinServer: 743c1681771d0a8dcc38825325a080c3186404a5
  Masonry: 678fab65091a9290e40e2832a55e7ab731aad201
  MJRefresh: fdf5e979eb406a0341468932d1dfc8b7f9fce961
  MMKV: f281020c9d9be5eb7a03ae746dc4deb570e46c23
  MMKVCore: df0565f6b58463604731a68ba6cd89bc0b2d1d55
  nanopb: a0ba3315591a9ae0a16a309ee504766e90db0c96
  NTESBaseComponent: 9e97373eec7e5a26c39db26477bf99a37ee9e71a
  NTESQuickPass: ee6992f09831548774da912d3c0699c02e38ef95
  PromisesObjC: 68159ce6952d93e17b2dfe273b8c40907db5ba58
  ProtocolBuffers: 7111461618460961e6b7469177ec45ee551b4f0e
  RxCocoa: 94f817b71c07517321eb4f9ad299112ca8af743b
  RxGesture: abadd243fc36db74df43dfc893829ddde94f1a3d
  RxRelay: 1de1523e604c72b6c68feadedd1af3b1b4d0ecbd
  RxSwift: 5710a9e6b17f3c3d6e40d6e559b9fa1e813b2ef8
  SensorsAnalyticsSDK: 67b886cc8527627d7c950146cd652abb0098afd0
  SnapKit: 0de968a9fec17499afa29683b05d0c775b6d1c29
  SSZipArchive: cd1a30a9d012a676f19c38e3e96d694386e01547
  Starscream: 5178aed56b316f13fa3bc55694e583d35dd414d9
  SwiftProtobuf: c3c12645230d9b09c72267e0de89468c5543bd86
  UserLeapKit: ca6475638f741c760bdce73cad4139b652dfbb06
  WeexSDK: 8e01e33244f51cb11f9f000b5200d93de5f4fa97
  YYKit: 7cda43304a8dc3696c449041e2cb3107b4e236e7

PODFILE CHECKSUM: 7a044c05912b6f10fe64581d9cbb0c06a9591a2a

COCOAPODS: 1.11.2
